// !$*UTF8*$!
{
	archiveVersion = 1;
	classes = {
	};
	objectVersion = 46;
	objects = {

/* Begin PBXBuildFile section */
		CD86078B1A2B2CF600CD8684 /* libTestFramework.h in Headers */ = {isa = PBXBuildFile; fileRef = CD86078A1A2B2CF600CD8684 /* libTestFramework.h */; settings = {ATTRIBUTES = (Public, ); }; };
		CD8607911A2B2CF600CD8684 /* libTestFramework.framework in Frameworks */ = {isa = PBXBuildFile; fileRef = CD8607851A2B2CF600CD8684 /* libTestFramework.framework */; };
		CD8607981A2B2CF600CD8684 /* libTestFrameworkTests.m in Sources */ = {isa = PBXBuildFile; fileRef = CD8607971A2B2CF600CD8684 /* libTestFrameworkTests.m */; };
		CD8607A31A2B2D0600CD8684 /* GoodMorning.h in Headers */ = {isa = PBXBuildFile; fileRef = CD8607A11A2B2D0600CD8684 /* GoodMorning.h */; settings = {ATTRIBUTES = (Public, ); }; };
		CD8607A41A2B2D0600CD8684 /* GoodMorning.m in Sources */ = {isa = PBXBuildFile; fileRef = CD8607A21A2B2D0600CD8684 /* GoodMorning.m */; };
/* End PBXBuildFile section */

/* Begin PBXContainerItemProxy section */
		CD8607921A2B2CF600CD8684 /* PBXContainerItemProxy */ = {
			isa = PBXContainerItemProxy;
			containerPortal = CD86077C1A2B2CF600CD8684 /* Project object */;
			proxyType = 1;
			remoteGlobalIDString = CD8607841A2B2CF600CD8684;
			remoteInfo = libTestFramework;
		};
/* End PBXContainerItemProxy section */

/* Begin PBXFileReference section */
		CD8607851A2B2CF600CD8684 /* libTestFramework.framework */ = {isa = PBXFileReference; explicitFileType = wrapper.framework; includeInIndex = 0; path = libTestFramework.framework; sourceTree = BUILT_PRODUCTS_DIR; };
		CD8607891A2B2CF600CD8684 /* Info.plist */ = {isa = PBXFileReference; lastKnownFileType = text.plist.xml; path = Info.plist; sourceTree = "<group>"; };
		CD86078A1A2B2CF600CD8684 /* libTestFramework.h */ = {isa = PBXFileReference; lastKnownFileType = sourcecode.c.h; path = libTestFramework.h; sourceTree = "<group>"; };
		CD8607901A2B2CF600CD8684 /* libTestFrameworkTests.xctest */ = {isa = PBXFileReference; explicitFileType = wrapper.cfbundle; includeInIndex = 0; path = libTestFrameworkTests.xctest; sourceTree = BUILT_PRODUCTS_DIR; };
		CD8607961A2B2CF600CD8684 /* Info.plist */ = {isa = PBXFileReference; lastKnownFileType = text.plist.xml; path = Info.plist; sourceTree = "<group>"; };
		CD8607971A2B2CF600CD8684 /* libTestFrameworkTests.m */ = {isa = PBXFileReference; lastKnownFileType = sourcecode.c.objc; path = libTestFrameworkTests.m; sourceTree = "<group>"; };
		CD8607A11A2B2D0600CD8684 /* GoodMorning.h */ = {isa = PBXFileReference; fileEncoding = 4; lastKnownFileType = sourcecode.c.h; path = GoodMorning.h; sourceTree = "<group>"; };
		CD8607A21A2B2D0600CD8684 /* GoodMorning.m */ = {isa = PBXFileReference; fileEncoding = 4; lastKnownFileType = sourcecode.c.objc; path = GoodMorning.m; sourceTree = "<group>"; };
/* End PBXFileReference section */

/* Begin PBXFrameworksBuildPhase section */
		CD8607811A2B2CF600CD8684 /* Frameworks */ = {
			isa = PBXFrameworksBuildPhase;
			buildActionMask = 2147483647;
			files = (
			);
			runOnlyForDeploymentPostprocessing = 0;
		};
		CD86078D1A2B2CF600CD8684 /* Frameworks */ = {
			isa = PBXFrameworksBuildPhase;
			buildActionMask = 2147483647;
			files = (
				CD8607911A2B2CF600CD8684 /* libTestFramework.framework in Frameworks */,
			);
			runOnlyForDeploymentPostprocessing = 0;
		};
/* End PBXFrameworksBuildPhase section */

/* Begin PBXGroup section */
		CD86077B1A2B2CF600CD8684 = {
			isa = PBXGroup;
			children = (
				CD8607871A2B2CF600CD8684 /* libTestFramework */,
				CD8607941A2B2CF600CD8684 /* libTestFrameworkTests */,
				CD8607861A2B2CF600CD8684 /* Products */,
			);
			sourceTree = "<group>";
		};
		CD8607861A2B2CF600CD8684 /* Products */ = {
			isa = PBXGroup;
			children = (
				CD8607851A2B2CF600CD8684 /* libTestFramework.framework */,
				CD8607901A2B2CF600CD8684 /* libTestFrameworkTests.xctest */,
			);
			name = Products;
			sourceTree = "<group>";
		};
		CD8607871A2B2CF600CD8684 /* libTestFramework */ = {
			isa = PBXGroup;
			children = (
				CD86078A1A2B2CF600CD8684 /* libTestFramework.h */,
				CD8607881A2B2CF600CD8684 /* Supporting Files */,
				CD8607A11A2B2D0600CD8684 /* GoodMorning.h */,
				CD8607A21A2B2D0600CD8684 /* GoodMorning.m */,
			);
			path = libTestFramework;
			sourceTree = "<group>";
		};
		CD8607881A2B2CF600CD8684 /* Supporting Files */ = {
			isa = PBXGroup;
			children = (
				CD8607891A2B2CF600CD8684 /* Info.plist */,
			);
			name = "Supporting Files";
			sourceTree = "<group>";
		};
		CD8607941A2B2CF600CD8684 /* libTestFrameworkTests */ = {
			isa = PBXGroup;
			children = (
				CD8607971A2B2CF600CD8684 /* libTestFrameworkTests.m */,
				CD8607951A2B2CF600CD8684 /* Supporting Files */,
			);
			path = libTestFrameworkTests;
			sourceTree = "<group>";
		};
		CD8607951A2B2CF600CD8684 /* Supporting Files */ = {
			isa = PBXGroup;
			children = (
				CD8607961A2B2CF600CD8684 /* Info.plist */,
			);
			name = "Supporting Files";
			sourceTree = "<group>";
		};
/* End PBXGroup section */

/* Begin PBXHeadersBuildPhase section */
		CD8607821A2B2CF600CD8684 /* Headers */ = {
			isa = PBXHeadersBuildPhase;
			buildActionMask = 2147483647;
			files = (
				CD8607A31A2B2D0600CD8684 /* GoodMorning.h in Headers */,
				CD86078B1A2B2CF600CD8684 /* libTestFramework.h in Headers */,
			);
			runOnlyForDeploymentPostprocessing = 0;
		};
/* End PBXHeadersBuildPhase section */

/* Begin PBXNativeTarget section */
		CD8607841A2B2CF600CD8684 /* libTestFramework */ = {
			isa = PBXNativeTarget;
			buildConfigurationList = CD86079B1A2B2CF600CD8684 /* Build configuration list for PBXNativeTarget "libTestFramework" */;
			buildPhases = (
				CD8607801A2B2CF600CD8684 /* Sources */,
				CD8607811A2B2CF600CD8684 /* Frameworks */,
				CD8607821A2B2CF600CD8684 /* Headers */,
				CD8607831A2B2CF600CD8684 /* Resources */,
			);
			buildRules = (
			);
			dependencies = (
			);
			name = libTestFramework;
			productName = libTestFramework;
			productReference = CD8607851A2B2CF600CD8684 /* libTestFramework.framework */;
			productType = "com.apple.product-type.framework";
		};
		CD86078F1A2B2CF600CD8684 /* libTestFrameworkTests */ = {
			isa = PBXNativeTarget;
			buildConfigurationList = CD86079E1A2B2CF600CD8684 /* Build configuration list for PBXNativeTarget "libTestFrameworkTests" */;
			buildPhases = (
				CD86078C1A2B2CF600CD8684 /* Sources */,
				CD86078D1A2B2CF600CD8684 /* Frameworks */,
				CD86078E1A2B2CF600CD8684 /* Resources */,
			);
			buildRules = (
			);
			dependencies = (
				CD8607931A2B2CF600CD8684 /* PBXTargetDependency */,
			);
			name = libTestFrameworkTests;
			productName = libTestFrameworkTests;
			productReference = CD8607901A2B2CF600CD8684 /* libTestFrameworkTests.xctest */;
			productType = "com.apple.product-type.bundle.unit-test";
		};
/* End PBXNativeTarget section */

/* Begin PBXProject section */
		CD86077C1A2B2CF600CD8684 /* Project object */ = {
			isa = PBXProject;
			attributes = {
				LastUpgradeCheck = 0610;
				TargetAttributes = {
					CD8607841A2B2CF600CD8684 = {
						CreatedOnToolsVersion = 6.1;
					};
					CD86078F1A2B2CF600CD8684 = {
						CreatedOnToolsVersion = 6.1;
					};
				};
			};
			buildConfigurationList = CD86077F1A2B2CF600CD8684 /* Build configuration list for PBXProject "libTestFramework" */;
			compatibilityVersion = "Xcode 3.2";
			developmentRegion = English;
			hasScannedForEncodings = 0;
			knownRegions = (
				en,
			);
			mainGroup = CD86077B1A2B2CF600CD8684;
			productRefGroup = CD8607861A2B2CF600CD8684 /* Products */;
			projectDirPath = "";
			projectRoot = "";
			targets = (
				CD8607841A2B2CF600CD8684 /* libTestFramework */,
				CD86078F1A2B2CF600CD8684 /* libTestFrameworkTests */,
			);
		};
/* End PBXProject section */

/* Begin PBXResourcesBuildPhase section */
		CD8607831A2B2CF600CD8684 /* Resources */ = {
			isa = PBXResourcesBuildPhase;
			buildActionMask = 2147483647;
			files = (
			);
			runOnlyForDeploymentPostprocessing = 0;
		};
		CD86078E1A2B2CF600CD8684 /* Resources */ = {
			isa = PBXResourcesBuildPhase;
			buildActionMask = 2147483647;
			files = (
			);
			runOnlyForDeploymentPostprocessing = 0;
		};
/* End PBXResourcesBuildPhase section */

/* Begin PBXSourcesBuildPhase section */
		CD8607801A2B2CF600CD8684 /* Sources */ = {
			isa = PBXSourcesBuildPhase;
			buildActionMask = 2147483647;
			files = (
				CD8607A41A2B2D0600CD8684 /* GoodMorning.m in Sources */,
			);
			runOnlyForDeploymentPostprocessing = 0;
		};
		CD86078C1A2B2CF600CD8684 /* Sources */ = {
			isa = PBXSourcesBuildPhase;
			buildActionMask = 2147483647;
			files = (
				CD8607981A2B2CF600CD8684 /* libTestFrameworkTests.m in Sources */,
			);
			runOnlyForDeploymentPostprocessing = 0;
		};
/* End PBXSourcesBuildPhase section */

/* Begin PBXTargetDependency section */
		CD8607931A2B2CF600CD8684 /* PBXTargetDependency */ = {
			isa = PBXTargetDependency;
			target = CD8607841A2B2CF600CD8684 /* libTestFramework */;
			targetProxy = CD8607921A2B2CF600CD8684 /* PBXContainerItemProxy */;
		};
/* End PBXTargetDependency section */

/* Begin XCBuildConfiguration section */
		CD8607991A2B2CF600CD8684 /* Debug */ = {
			isa = XCBuildConfiguration;
			buildSettings = {
				ALWAYS_SEARCH_USER_PATHS = NO;
				CLANG_CXX_LANGUAGE_STANDARD = "gnu++0x";
				CLANG_CXX_LIBRARY = "libc++";
				CLANG_ENABLE_MODULES = YES;
				CLANG_ENABLE_OBJC_ARC = YES;
				CLANG_WARN_BOOL_CONVERSION = YES;
				CLANG_WARN_CONSTANT_CONVERSION = YES;
				CLANG_WARN_DIRECT_OBJC_ISA_USAGE = YES_ERROR;
				CLANG_WARN_EMPTY_BODY = YES;
				CLANG_WARN_ENUM_CONVERSION = YES;
				CLANG_WARN_INT_CONVERSION = YES;
				CLANG_WARN_OBJC_ROOT_CLASS = YES_ERROR;
				CLANG_WARN_UNREACHABLE_CODE = YES;
				CLANG_WARN__DUPLICATE_METHOD_MATCH = YES;
				"CODE_SIGN_IDENTITY[sdk=iphoneos*]" = "iPhone Developer";
				COPY_PHASE_STRIP = NO;
				CURRENT_PROJECT_VERSION = 1;
				ENABLE_STRICT_OBJC_MSGSEND = YES;
				GCC_C_LANGUAGE_STANDARD = gnu99;
				GCC_DYNAMIC_NO_PIC = NO;
				GCC_OPTIMIZATION_LEVEL = 0;
				GCC_PREPROCESSOR_DEFINITIONS = (
					"DEBUG=1",
					"$(inherited)",
				);
				GCC_SYMBOLS_PRIVATE_EXTERN = NO;
				GCC_WARN_64_TO_32_BIT_CONVERSION = YES;
				GCC_WARN_ABOUT_RETURN_TYPE = YES_ERROR;
				GCC_WARN_UNDECLARED_SELECTOR = YES;
				GCC_WARN_UNINITIALIZED_AUTOS = YES_AGGRESSIVE;
				GCC_WARN_UNUSED_FUNCTION = YES;
				GCC_WARN_UNUSED_VARIABLE = YES;
				IPHONEOS_DEPLOYMENT_TARGET = 8.1;
				MTL_ENABLE_DEBUG_INFO = YES;
				ONLY_ACTIVE_ARCH = YES;
				SDKROOT = iphoneos;
				TARGETED_DEVICE_FAMILY = "1,2";
				VERSIONING_SYSTEM = "apple-generic";
				VERSION_INFO_PREFIX = "";
			};
			name = Debug;
		};
		CD86079A1A2B2CF600CD8684 /* Release */ = {
			isa = XCBuildConfiguration;
			buildSettings = {
				ALWAYS_SEARCH_USER_PATHS = NO;
				CLANG_CXX_LANGUAGE_STANDARD = "gnu++0x";
				CLANG_CXX_LIBRARY = "libc++";
				CLANG_ENABLE_MODULES = YES;
				CLANG_ENABLE_OBJC_ARC = YES;
				CLANG_WARN_BOOL_CONVERSION = YES;
				CLANG_WARN_CONSTANT_CONVERSION = YES;
				CLANG_WARN_DIRECT_OBJC_ISA_USAGE = YES_ERROR;
				CLANG_WARN_EMPTY_BODY = YES;
				CLANG_WARN_ENUM_CONVERSION = YES;
				CLANG_WARN_INT_CONVERSION = YES;
				CLANG_WARN_OBJC_ROOT_CLASS = YES_ERROR;
				CLANG_WARN_UNREACHABLE_CODE = YES;
				CLANG_WARN__DUPLICATE_METHOD_MATCH = YES;
				"CODE_SIGN_IDENTITY[sdk=iphoneos*]" = "iPhone Developer";
				COPY_PHASE_STRIP = YES;
				CURRENT_PROJECT_VERSION = 1;
				ENABLE_NS_ASSERTIONS = NO;
				ENABLE_STRICT_OBJC_MSGSEND = YES;
				GCC_C_LANGUAGE_STANDARD = gnu99;
				GCC_WARN_64_TO_32_BIT_CONVERSION = YES;
				GCC_WARN_ABOUT_RETURN_TYPE = YES_ERROR;
				GCC_WARN_UNDECLARED_SELECTOR = YES;
				GCC_WARN_UNINITIALIZED_AUTOS = YES_AGGRESSIVE;
				GCC_WARN_UNUSED_FUNCTION = YES;
				GCC_WARN_UNUSED_VARIABLE = YES;
				IPHONEOS_DEPLOYMENT_TARGET = 8.1;
				MTL_ENABLE_DEBUG_INFO = NO;
				SDKROOT = iphoneos;
				TARGETED_DEVICE_FAMILY = "1,2";
				VALIDATE_PRODUCT = YES;
				VERSIONING_SYSTEM = "apple-generic";
				VERSION_INFO_PREFIX = "";
			};
			name = Release;
		};
		CD86079C1A2B2CF600CD8684 /* Debug */ = {
			isa = XCBuildConfiguration;
			buildSettings = {
				DEFINES_MODULE = YES;
				DYLIB_COMPATIBILITY_VERSION = 1;
				DYLIB_CURRENT_VERSION = 1;
				DYLIB_INSTALL_NAME_BASE = "@rpath";
				INFOPLIST_FILE = libTestFramework/Info.plist;
				INSTALL_PATH = "$(LOCAL_LIBRARY_DIR)/Frameworks";
				LD_RUNPATH_SEARCH_PATHS = "$(inherited) @executable_path/Frameworks @loader_path/Frameworks";
				PRODUCT_NAME = "$(TARGET_NAME)";
				SKIP_INSTALL = YES;
			};
			name = Debug;
		};
		CD86079D1A2B2CF600CD8684 /* Release */ = {
			isa = XCBuildConfiguration;
			buildSettings = {
				DEFINES_MODULE = YES;
				DYLIB_COMPATIBILITY_VERSION = 1;
				DYLIB_CURRENT_VERSION = 1;
				DYLIB_INSTALL_NAME_BASE = "@rpath";
				INFOPLIST_FILE = libTestFramework/Info.plist;
				INSTALL_PATH = "$(LOCAL_LIBRARY_DIR)/Frameworks";
				LD_RUNPATH_SEARCH_PATHS = "$(inherited) @executable_path/Frameworks @loader_path/Frameworks";
				PRODUCT_NAME = "$(TARGET_NAME)";
				SKIP_INSTALL = YES;
			};
			name = Release;
		};
		CD86079F1A2B2CF600CD8684 /* Debug */ = {
			isa = XCBuildConfiguration;
			buildSettings = {
				FRAMEWORK_SEARCH_PATHS = (
					"$(SDKROOT)/Developer/Library/Frameworks",
					"$(inherited)",
				);
				GCC_PREPROCESSOR_DEFINITIONS = (
					"DEBUG=1",
					"$(inherited)",
				);
				INFOPLIST_FILE = libTestFrameworkTests/Info.plist;
				LD_RUNPATH_SEARCH_PATHS = "$(inherited) @executable_path/Frameworks @loader_path/Frameworks";
				PRODUCT_NAME = "$(TARGET_NAME)";
			};
			name = Debug;
		};
		CD8607A01A2B2CF600CD8684 /* Release */ = {
			isa = XCBuildConfiguration;
			buildSettings = {
				FRAMEWORK_SEARCH_PATHS = (
					"$(SDKROOT)/Developer/Library/Frameworks",
					"$(inherited)",
				);
				INFOPLIST_FILE = libTestFrameworkTests/Info.plist;
				LD_RUNPATH_SEARCH_PATHS = "$(inherited) @executable_path/Frameworks @loader_path/Frameworks";
				PRODUCT_NAME = "$(TARGET_NAME)";
			};
			name = Release;
		};
/* End XCBuildConfiguration section */

/* Begin XCConfigurationList section */
		CD86077F1A2B2CF600CD8684 /* Build configuration list for PBXProject "libTestFramework" */ = {
			isa = XCConfigurationList;
			buildConfigurations = (
				CD8607991A2B2CF600CD8684 /* Debug */,
				CD86079A1A2B2CF600CD8684 /* Release */,
			);
			defaultConfigurationIsVisible = 0;
			defaultConfigurationName = Release;
		};
		CD86079B1A2B2CF600CD8684 /* Build configuration list for PBXNativeTarget "libTestFramework" */ = {
			isa = XCConfigurationList;
			buildConfigurations = (
				CD86079C1A2B2CF600CD8684 /* Debug */,
				CD86079D1A2B2CF600CD8684 /* Release */,
			);
			defaultConfigurationIsVisible = 0;
			defaultConfigurationName = Release;
		};
		CD86079E1A2B2CF600CD8684 /* Build configuration list for PBXNativeTarget "libTestFrameworkTests" */ = {
			isa = XCConfigurationList;
			buildConfigurations = (
				CD86079F1A2B2CF600CD8684 /* Debug */,
				CD8607A01A2B2CF600CD8684 /* Release */,
			);
			defaultConfigurationIsVisible = 0;
			defaultConfigurationName = Release;
		};
/* End XCConfigurationList section */
	};
	rootObject = CD86077C1A2B2CF600CD8684 /* Project object */;
}
