// !$*UTF8*$!
{
	archiveVersion = 1;
	classes = {
	};
	objectVersion = 46;
	objects = {

/* Begin PBXBuildFile section */
		CD8607B41A2B2D4600CD8684 /* main.m in Sources */ = {isa = PBXBuildFile; fileRef = CD8607B31A2B2D4600CD8684 /* main.m */; };
		CD8607B71A2B2D4600CD8684 /* AppDelegate.m in Sources */ = {isa = PBXBuildFile; fileRef = CD8607B61A2B2D4600CD8684 /* AppDelegate.m */; };
		CD8607BA1A2B2D4600CD8684 /* ViewController.m in Sources */ = {isa = PBXBuildFile; fileRef = CD8607B91A2B2D4600CD8684 /* ViewController.m */; };
		CD8607BD1A2B2D4600CD8684 /* Main.storyboard in Resources */ = {isa = PBXBuildFile; fileRef = CD8607BB1A2B2D4600CD8684 /* Main.storyboard */; };
		CD8607BF1A2B2D4600CD8684 /* Images.xcassets in Resources */ = {isa = PBXBuildFile; fileRef = CD8607BE1A2B2D4600CD8684 /* Images.xcassets */; };
		CD8607C21A2B2D4600CD8684 /* LaunchScreen.xib in Resources */ = {isa = PBXBuildFile; fileRef = CD8607C01A2B2D4600CD8684 /* LaunchScreen.xib */; };
		CD8607CE1A2B2D4600CD8684 /* FrameworkTesterTests.m in Sources */ = {isa = PBXBuildFile; fileRef = CD8607CD1A2B2D4600CD8684 /* FrameworkTesterTests.m */; };
		CD8607E21A2B2D6F00CD8684 /* libTestFramework.framework in Frameworks */ = {isa = PBXBuildFile; fileRef = CD8607DD1A2B2D4D00CD8684 /* libTestFramework.framework */; };
/* End PBXBuildFile section */

/* Begin PBXContainerItemProxy section */
		CD8607C81A2B2D4600CD8684 /* PBXContainerItemProxy */ = {
			isa = PBXContainerItemProxy;
			containerPortal = CD8607A61A2B2D4600CD8684 /* Project object */;
			proxyType = 1;
			remoteGlobalIDString = CD8607AD1A2B2D4600CD8684;
			remoteInfo = FrameworkTester;
		};
		CD8607DC1A2B2D4D00CD8684 /* PBXContainerItemProxy */ = {
			isa = PBXContainerItemProxy;
			containerPortal = CD8607D71A2B2D4D00CD8684 /* libTestFramework.xcodeproj */;
			proxyType = 2;
			remoteGlobalIDString = CD8607851A2B2CF600CD8684;
			remoteInfo = libTestFramework;
		};
		CD8607DE1A2B2D4D00CD8684 /* PBXContainerItemProxy */ = {
			isa = PBXContainerItemProxy;
			containerPortal = CD8607D71A2B2D4D00CD8684 /* libTestFramework.xcodeproj */;
			proxyType = 2;
			remoteGlobalIDString = CD8607901A2B2CF600CD8684;
			remoteInfo = libTestFrameworkTests;
		};
		CD8607E01A2B2D6400CD8684 /* PBXContainerItemProxy */ = {
			isa = PBXContainerItemProxy;
			containerPortal = CD8607D71A2B2D4D00CD8684 /* libTestFramework.xcodeproj */;
			proxyType = 1;
			remoteGlobalIDString = CD8607841A2B2CF600CD8684;
			remoteInfo = libTestFramework;
		};
/* End PBXContainerItemProxy section */

/* Begin PBXFileReference section */
		CD8607AE1A2B2D4600CD8684 /* FrameworkTester.app */ = {isa = PBXFileReference; explicitFileType = wrapper.application; includeInIndex = 0; path = FrameworkTester.app; sourceTree = BUILT_PRODUCTS_DIR; };
		CD8607B21A2B2D4600CD8684 /* Info.plist */ = {isa = PBXFileReference; lastKnownFileType = text.plist.xml; path = Info.plist; sourceTree = "<group>"; };
		CD8607B31A2B2D4600CD8684 /* main.m */ = {isa = PBXFileReference; lastKnownFileType = sourcecode.c.objc; path = main.m; sourceTree = "<group>"; };
		CD8607B51A2B2D4600CD8684 /* AppDelegate.h */ = {isa = PBXFileReference; lastKnownFileType = sourcecode.c.h; path = AppDelegate.h; sourceTree = "<group>"; };
		CD8607B61A2B2D4600CD8684 /* AppDelegate.m */ = {isa = PBXFileReference; lastKnownFileType = sourcecode.c.objc; path = AppDelegate.m; sourceTree = "<group>"; };
		CD8607B81A2B2D4600CD8684 /* ViewController.h */ = {isa = PBXFileReference; lastKnownFileType = sourcecode.c.h; path = ViewController.h; sourceTree = "<group>"; };
		CD8607B91A2B2D4600CD8684 /* ViewController.m */ = {isa = PBXFileReference; lastKnownFileType = sourcecode.c.objc; path = ViewController.m; sourceTree = "<group>"; };
		CD8607BC1A2B2D4600CD8684 /* Base */ = {isa = PBXFileReference; lastKnownFileType = file.storyboard; name = Base; path = Base.lproj/Main.storyboard; sourceTree = "<group>"; };
		CD8607BE1A2B2D4600CD8684 /* Images.xcassets */ = {isa = PBXFileReference; lastKnownFileType = folder.assetcatalog; path = Images.xcassets; sourceTree = "<group>"; };
		CD8607C11A2B2D4600CD8684 /* Base */ = {isa = PBXFileReference; lastKnownFileType = file.xib; name = Base; path = Base.lproj/LaunchScreen.xib; sourceTree = "<group>"; };
		CD8607C71A2B2D4600CD8684 /* FrameworkTesterTests.xctest */ = {isa = PBXFileReference; explicitFileType = wrapper.cfbundle; includeInIndex = 0; path = FrameworkTesterTests.xctest; sourceTree = BUILT_PRODUCTS_DIR; };
		CD8607CC1A2B2D4600CD8684 /* Info.plist */ = {isa = PBXFileReference; lastKnownFileType = text.plist.xml; path = Info.plist; sourceTree = "<group>"; };
		CD8607CD1A2B2D4600CD8684 /* FrameworkTesterTests.m */ = {isa = PBXFileReference; lastKnownFileType = sourcecode.c.objc; path = FrameworkTesterTests.m; sourceTree = "<group>"; };
		CD8607D71A2B2D4D00CD8684 /* libTestFramework.xcodeproj */ = {isa = PBXFileReference; lastKnownFileType = "wrapper.pb-project"; name = libTestFramework.xcodeproj; path = ../libTestFramework/libTestFramework.xcodeproj; sourceTree = "<group>"; };
/* End PBXFileReference section */

/* Begin PBXFrameworksBuildPhase section */
		CD8607AB1A2B2D4600CD8684 /* Frameworks */ = {
			isa = PBXFrameworksBuildPhase;
			buildActionMask = 2147483647;
			files = (
				CD8607E21A2B2D6F00CD8684 /* libTestFramework.framework in Frameworks */,
			);
			runOnlyForDeploymentPostprocessing = 0;
		};
		CD8607C41A2B2D4600CD8684 /* Frameworks */ = {
			isa = PBXFrameworksBuildPhase;
			buildActionMask = 2147483647;
			files = (
			);
			runOnlyForDeploymentPostprocessing = 0;
		};
/* End PBXFrameworksBuildPhase section */

/* Begin PBXGroup section */
		CD8607A51A2B2D4600CD8684 = {
			isa = PBXGroup;
			children = (
				CD8607D71A2B2D4D00CD8684 /* libTestFramework.xcodeproj */,
				CD8607B01A2B2D4600CD8684 /* FrameworkTester */,
				CD8607CA1A2B2D4600CD8684 /* FrameworkTesterTests */,
				CD8607AF1A2B2D4600CD8684 /* Products */,
			);
			sourceTree = "<group>";
		};
		CD8607AF1A2B2D4600CD8684 /* Products */ = {
			isa = PBXGroup;
			children = (
				CD8607AE1A2B2D4600CD8684 /* FrameworkTester.app */,
				CD8607C71A2B2D4600CD8684 /* FrameworkTesterTests.xctest */,
			);
			name = Products;
			sourceTree = "<group>";
		};
		CD8607B01A2B2D4600CD8684 /* FrameworkTester */ = {
			isa = PBXGroup;
			children = (
				CD8607B51A2B2D4600CD8684 /* AppDelegate.h */,
				CD8607B61A2B2D4600CD8684 /* AppDelegate.m */,
				CD8607B81A2B2D4600CD8684 /* ViewController.h */,
				CD8607B91A2B2D4600CD8684 /* ViewController.m */,
				CD8607BB1A2B2D4600CD8684 /* Main.storyboard */,
				CD8607BE1A2B2D4600CD8684 /* Images.xcassets */,
				CD8607C01A2B2D4600CD8684 /* LaunchScreen.xib */,
				CD8607B11A2B2D4600CD8684 /* Supporting Files */,
			);
			path = FrameworkTester;
			sourceTree = "<group>";
		};
		CD8607B11A2B2D4600CD8684 /* Supporting Files */ = {
			isa = PBXGroup;
			children = (
				CD8607B21A2B2D4600CD8684 /* Info.plist */,
				CD8607B31A2B2D4600CD8684 /* main.m */,
			);
			name = "Supporting Files";
			sourceTree = "<group>";
		};
		CD8607CA1A2B2D4600CD8684 /* FrameworkTesterTests */ = {
			isa = PBXGroup;
			children = (
				CD8607CD1A2B2D4600CD8684 /* FrameworkTesterTests.m */,
				CD8607CB1A2B2D4600CD8684 /* Supporting Files */,
			);
			path = FrameworkTesterTests;
			sourceTree = "<group>";
		};
		CD8607CB1A2B2D4600CD8684 /* Supporting Files */ = {
			isa = PBXGroup;
			children = (
				CD8607CC1A2B2D4600CD8684 /* Info.plist */,
			);
			name = "Supporting Files";
			sourceTree = "<group>";
		};
		CD8607D81A2B2D4D00CD8684 /* Products */ = {
			isa = PBXGroup;
			children = (
				CD8607DD1A2B2D4D00CD8684 /* libTestFramework.framework */,
				CD8607DF1A2B2D4D00CD8684 /* libTestFrameworkTests.xctest */,
			);
			name = Products;
			sourceTree = "<group>";
		};
/* End PBXGroup section */

/* Begin PBXNativeTarget section */
		CD8607AD1A2B2D4600CD8684 /* FrameworkTester */ = {
			isa = PBXNativeTarget;
			buildConfigurationList = CD8607D11A2B2D4600CD8684 /* Build configuration list for PBXNativeTarget "FrameworkTester" */;
			buildPhases = (
				CD8607AA1A2B2D4600CD8684 /* Sources */,
				CD8607AB1A2B2D4600CD8684 /* Frameworks */,
				CD8607AC1A2B2D4600CD8684 /* Resources */,
			);
			buildRules = (
			);
			dependencies = (
				CD8607E11A2B2D6400CD8684 /* PBXTargetDependency */,
			);
			name = FrameworkTester;
			productName = FrameworkTester;
			productReference = CD8607AE1A2B2D4600CD8684 /* FrameworkTester.app */;
			productType = "com.apple.product-type.application";
		};
		CD8607C61A2B2D4600CD8684 /* FrameworkTesterTests */ = {
			isa = PBXNativeTarget;
			buildConfigurationList = CD8607D41A2B2D4600CD8684 /* Build configuration list for PBXNativeTarget "FrameworkTesterTests" */;
			buildPhases = (
				CD8607C31A2B2D4600CD8684 /* Sources */,
				CD8607C41A2B2D4600CD8684 /* Frameworks */,
				CD8607C51A2B2D4600CD8684 /* Resources */,
			);
			buildRules = (
			);
			dependencies = (
				CD8607C91A2B2D4600CD8684 /* PBXTargetDependency */,
			);
			name = FrameworkTesterTests;
			productName = FrameworkTesterTests;
			productReference = CD8607C71A2B2D4600CD8684 /* FrameworkTesterTests.xctest */;
			productType = "com.apple.product-type.bundle.unit-test";
		};
/* End PBXNativeTarget section */

/* Begin PBXProject section */
		CD8607A61A2B2D4600CD8684 /* Project object */ = {
			isa = PBXProject;
			attributes = {
				LastUpgradeCheck = 0610;
				TargetAttributes = {
					CD8607AD1A2B2D4600CD8684 = {
						CreatedOnToolsVersion = 6.1;
					};
					CD8607C61A2B2D4600CD8684 = {
						CreatedOnToolsVersion = 6.1;
						TestTargetID = CD8607AD1A2B2D4600CD8684;
					};
				};
			};
			buildConfigurationList = CD8607A91A2B2D4600CD8684 /* Build configuration list for PBXProject "FrameworkTester" */;
			compatibilityVersion = "Xcode 3.2";
			developmentRegion = English;
			hasScannedForEncodings = 0;
			knownRegions = (
				en,
				Base,
			);
			mainGroup = CD8607A51A2B2D4600CD8684;
			productRefGroup = CD8607AF1A2B2D4600CD8684 /* Products */;
			projectDirPath = "";
			projectReferences = (
				{
					ProductGroup = CD8607D81A2B2D4D00CD8684 /* Products */;
					ProjectRef = CD8607D71A2B2D4D00CD8684 /* libTestFramework.xcodeproj */;
				},
			);
			projectRoot = "";
			targets = (
				CD8607AD1A2B2D4600CD8684 /* FrameworkTester */,
				CD8607C61A2B2D4600CD8684 /* FrameworkTesterTests */,
			);
		};
/* End PBXProject section */

/* Begin PBXReferenceProxy section */
		CD8607DD1A2B2D4D00CD8684 /* libTestFramework.framework */ = {
			isa = PBXReferenceProxy;
			fileType = wrapper.framework;
			path = libTestFramework.framework;
			remoteRef = CD8607DC1A2B2D4D00CD8684 /* PBXContainerItemProxy */;
			sourceTree = BUILT_PRODUCTS_DIR;
		};
		CD8607DF1A2B2D4D00CD8684 /* libTestFrameworkTests.xctest */ = {
			isa = PBXReferenceProxy;
			fileType = wrapper.cfbundle;
			path = libTestFrameworkTests.xctest;
			remoteRef = CD8607DE1A2B2D4D00CD8684 /* PBXContainerItemProxy */;
			sourceTree = BUILT_PRODUCTS_DIR;
		};
/* End PBXReferenceProxy section */

/* Begin PBXResourcesBuildPhase section */
		CD8607AC1A2B2D4600CD8684 /* Resources */ = {
			isa = PBXResourcesBuildPhase;
			buildActionMask = 2147483647;
			files = (
				CD8607BD1A2B2D4600CD8684 /* Main.storyboard in Resources */,
				CD8607C21A2B2D4600CD8684 /* LaunchScreen.xib in Resources */,
				CD8607BF1A2B2D4600CD8684 /* Images.xcassets in Resources */,
			);
			runOnlyForDeploymentPostprocessing = 0;
		};
		CD8607C51A2B2D4600CD8684 /* Resources */ = {
			isa = PBXResourcesBuildPhase;
			buildActionMask = 2147483647;
			files = (
			);
			runOnlyForDeploymentPostprocessing = 0;
		};
/* End PBXResourcesBuildPhase section */

/* Begin PBXSourcesBuildPhase section */
		CD8607AA1A2B2D4600CD8684 /* Sources */ = {
			isa = PBXSourcesBuildPhase;
			buildActionMask = 2147483647;
			files = (
				CD8607BA1A2B2D4600CD8684 /* ViewController.m in Sources */,
				CD8607B71A2B2D4600CD8684 /* AppDelegate.m in Sources */,
				CD8607B41A2B2D4600CD8684 /* main.m in Sources */,
			);
			runOnlyForDeploymentPostprocessing = 0;
		};
		CD8607C31A2B2D4600CD8684 /* Sources */ = {
			isa = PBXSourcesBuildPhase;
			buildActionMask = 2147483647;
			files = (
				CD8607CE1A2B2D4600CD8684 /* FrameworkTesterTests.m in Sources */,
			);
			runOnlyForDeploymentPostprocessing = 0;
		};
/* End PBXSourcesBuildPhase section */

/* Begin PBXTargetDependency section */
		CD8607C91A2B2D4600CD8684 /* PBXTargetDependency */ = {
			isa = PBXTargetDependency;
			target = CD8607AD1A2B2D4600CD8684 /* FrameworkTester */;
			targetProxy = CD8607C81A2B2D4600CD8684 /* PBXContainerItemProxy */;
		};
		CD8607E11A2B2D6400CD8684 /* PBXTargetDependency */ = {
			isa = PBXTargetDependency;
			name = libTestFramework;
			targetProxy = CD8607E01A2B2D6400CD8684 /* PBXContainerItemProxy */;
		};
/* End PBXTargetDependency section */

/* Begin PBXVariantGroup section */
		CD8607BB1A2B2D4600CD8684 /* Main.storyboard */ = {
			isa = PBXVariantGroup;
			children = (
				CD8607BC1A2B2D4600CD8684 /* Base */,
			);
			name = Main.storyboard;
			sourceTree = "<group>";
		};
		CD8607C01A2B2D4600CD8684 /* LaunchScreen.xib */ = {
			isa = PBXVariantGroup;
			children = (
				CD8607C11A2B2D4600CD8684 /* Base */,
			);
			name = LaunchScreen.xib;
			sourceTree = "<group>";
		};
/* End PBXVariantGroup section */

/* Begin XCBuildConfiguration section */
		CD8607CF1A2B2D4600CD8684 /* Debug */ = {
			isa = XCBuildConfiguration;
			buildSettings = {
				ALWAYS_SEARCH_USER_PATHS = NO;
				CLANG_CXX_LANGUAGE_STANDARD = "gnu++0x";
				CLANG_CXX_LIBRARY = "libc++";
				CLANG_ENABLE_MODULES = YES;
				CLANG_ENABLE_OBJC_ARC = YES;
				CLANG_WARN_BOOL_CONVERSION = YES;
				CLANG_WARN_CONSTANT_CONVERSION = YES;
				CLANG_WARN_DIRECT_OBJC_ISA_USAGE = YES_ERROR;
				CLANG_WARN_EMPTY_BODY = YES;
				CLANG_WARN_ENUM_CONVERSION = YES;
				CLANG_WARN_INT_CONVERSION = YES;
				CLANG_WARN_OBJC_ROOT_CLASS = YES_ERROR;
				CLANG_WARN_UNREACHABLE_CODE = YES;
				CLANG_WARN__DUPLICATE_METHOD_MATCH = YES;
				"CODE_SIGN_IDENTITY[sdk=iphoneos*]" = "iPhone Developer";
				COPY_PHASE_STRIP = NO;
				ENABLE_STRICT_OBJC_MSGSEND = YES;
				GCC_C_LANGUAGE_STANDARD = gnu99;
				GCC_DYNAMIC_NO_PIC = NO;
				GCC_OPTIMIZATION_LEVEL = 0;
				GCC_PREPROCESSOR_DEFINITIONS = (
					"DEBUG=1",
					"$(inherited)",
				);
				GCC_SYMBOLS_PRIVATE_EXTERN = NO;
				GCC_WARN_64_TO_32_BIT_CONVERSION = YES;
				GCC_WARN_ABOUT_RETURN_TYPE = YES_ERROR;
				GCC_WARN_UNDECLARED_SELECTOR = YES;
				GCC_WARN_UNINITIALIZED_AUTOS = YES_AGGRESSIVE;
				GCC_WARN_UNUSED_FUNCTION = YES;
				GCC_WARN_UNUSED_VARIABLE = YES;
				IPHONEOS_DEPLOYMENT_TARGET = 8.1;
				MTL_ENABLE_DEBUG_INFO = YES;
				ONLY_ACTIVE_ARCH = YES;
				SDKROOT = iphoneos;
			};
			name = Debug;
		};
		CD8607D01A2B2D4600CD8684 /* Release */ = {
			isa = XCBuildConfiguration;
			buildSettings = {
				ALWAYS_SEARCH_USER_PATHS = NO;
				CLANG_CXX_LANGUAGE_STANDARD = "gnu++0x";
				CLANG_CXX_LIBRARY = "libc++";
				CLANG_ENABLE_MODULES = YES;
				CLANG_ENABLE_OBJC_ARC = YES;
				CLANG_WARN_BOOL_CONVERSION = YES;
				CLANG_WARN_CONSTANT_CONVERSION = YES;
				CLANG_WARN_DIRECT_OBJC_ISA_USAGE = YES_ERROR;
				CLANG_WARN_EMPTY_BODY = YES;
				CLANG_WARN_ENUM_CONVERSION = YES;
				CLANG_WARN_INT_CONVERSION = YES;
				CLANG_WARN_OBJC_ROOT_CLASS = YES_ERROR;
				CLANG_WARN_UNREACHABLE_CODE = YES;
				CLANG_WARN__DUPLICATE_METHOD_MATCH = YES;
				"CODE_SIGN_IDENTITY[sdk=iphoneos*]" = "iPhone Developer";
				COPY_PHASE_STRIP = YES;
				ENABLE_NS_ASSERTIONS = NO;
				ENABLE_STRICT_OBJC_MSGSEND = YES;
				GCC_C_LANGUAGE_STANDARD = gnu99;
				GCC_WARN_64_TO_32_BIT_CONVERSION = YES;
				GCC_WARN_ABOUT_RETURN_TYPE = YES_ERROR;
				GCC_WARN_UNDECLARED_SELECTOR = YES;
				GCC_WARN_UNINITIALIZED_AUTOS = YES_AGGRESSIVE;
				GCC_WARN_UNUSED_FUNCTION = YES;
				GCC_WARN_UNUSED_VARIABLE = YES;
				IPHONEOS_DEPLOYMENT_TARGET = 8.1;
				MTL_ENABLE_DEBUG_INFO = NO;
				SDKROOT = iphoneos;
				VALIDATE_PRODUCT = YES;
			};
			name = Release;
		};
		CD8607D21A2B2D4600CD8684 /* Debug */ = {
			isa = XCBuildConfiguration;
			buildSettings = {
				ASSETCATALOG_COMPILER_APPICON_NAME = AppIcon;
				INFOPLIST_FILE = FrameworkTester/Info.plist;
				LD_RUNPATH_SEARCH_PATHS = "$(inherited) @executable_path/Frameworks";
				PRODUCT_NAME = "$(TARGET_NAME)";
			};
			name = Debug;
		};
		CD8607D31A2B2D4600CD8684 /* Release */ = {
			isa = XCBuildConfiguration;
			buildSettings = {
				ASSETCATALOG_COMPILER_APPICON_NAME = AppIcon;
				INFOPLIST_FILE = FrameworkTester/Info.plist;
				LD_RUNPATH_SEARCH_PATHS = "$(inherited) @executable_path/Frameworks";
				PRODUCT_NAME = "$(TARGET_NAME)";
			};
			name = Release;
		};
		CD8607D51A2B2D4600CD8684 /* Debug */ = {
			isa = XCBuildConfiguration;
			buildSettings = {
				BUNDLE_LOADER = "$(TEST_HOST)";
				FRAMEWORK_SEARCH_PATHS = (
					"$(SDKROOT)/Developer/Library/Frameworks",
					"$(inherited)",
				);
				GCC_PREPROCESSOR_DEFINITIONS = (
					"DEBUG=1",
					"$(inherited)",
				);
				INFOPLIST_FILE = FrameworkTesterTests/Info.plist;
				LD_RUNPATH_SEARCH_PATHS = "$(inherited) @executable_path/Frameworks @loader_path/Frameworks";
				PRODUCT_NAME = "$(TARGET_NAME)";
				TEST_HOST = "$(BUILT_PRODUCTS_DIR)/FrameworkTester.app/FrameworkTester";
			};
			name = Debug;
		};
		CD8607D61A2B2D4600CD8684 /* Release */ = {
			isa = XCBuildConfiguration;
			buildSettings = {
				BUNDLE_LOADER = "$(TEST_HOST)";
				FRAMEWORK_SEARCH_PATHS = (
					"$(SDKROOT)/Developer/Library/Frameworks",
					"$(inherited)",
				);
				INFOPLIST_FILE = FrameworkTesterTests/Info.plist;
				LD_RUNPATH_SEARCH_PATHS = "$(inherited) @executable_path/Frameworks @loader_path/Frameworks";
				PRODUCT_NAME = "$(TARGET_NAME)";
				TEST_HOST = "$(BUILT_PRODUCTS_DIR)/FrameworkTester.app/FrameworkTester";
			};
			name = Release;
		};
/* End XCBuildConfiguration section */

/* Begin XCConfigurationList section */
		CD8607A91A2B2D4600CD8684 /* Build configuration list for PBXProject "FrameworkTester" */ = {
			isa = XCConfigurationList;
			buildConfigurations = (
				CD8607CF1A2B2D4600CD8684 /* Debug */,
				CD8607D01A2B2D4600CD8684 /* Release */,
			);
			defaultConfigurationIsVisible = 0;
			defaultConfigurationName = Release;
		};
		CD8607D11A2B2D4600CD8684 /* Build configuration list for PBXNativeTarget "FrameworkTester" */ = {
			isa = XCConfigurationList;
			buildConfigurations = (
				CD8607D21A2B2D4600CD8684 /* Debug */,
				CD8607D31A2B2D4600CD8684 /* Release */,
			);
			defaultConfigurationIsVisible = 0;
			defaultConfigurationName = Release;
		};
		CD8607D41A2B2D4600CD8684 /* Build configuration list for PBXNativeTarget "FrameworkTesterTests" */ = {
			isa = XCConfigurationList;
			buildConfigurations = (
				CD8607D51A2B2D4600CD8684 /* Debug */,
				CD8607D61A2B2D4600CD8684 /* Release */,
			);
			defaultConfigurationIsVisible = 0;
			defaultConfigurationName = Release;
		};
/* End XCConfigurationList section */
	};
	rootObject = CD8607A61A2B2D4600CD8684 /* Project object */;
}
